
Microsoft Visual Studio Solution File, Format Version 12.00
# Visual Studio Version 17
VisualStudioVersion = 17.11.35312.102
MinimumVisualStudioVersion = 10.0.40219.1
Project("{FAE04EC0-301F-11D3-BF4B-00C04F79EFBC}") = "Lab_5", "Lab_5\Lab_5.csproj", "{AFB72481-F085-4FC4-A24B-4BA5688138D3}"
EndProject
Project("{FAE04EC0-301F-11D3-BF4B-00C04F79EFBC}") = "WindowsFormsApp1", "WindowsFormsApp1\WindowsFormsApp1.csproj", "{B486F013-C04E-4443-B4EB-6DA0D27CD03A}"
EndProject
Global
	GlobalSection(SolutionConfigurationPlatforms) = preSolution
		Debug|Any CPU = Debug|Any CPU
		Release|Any CPU = Release|Any CPU
	EndGlobalSection
	GlobalSection(ProjectConfigurationPlatforms) = postSolution
		{AFB72481-F085-4FC4-A24B-4BA5688138D3}.Debug|Any CPU.ActiveCfg = Debug|Any CPU
		{AFB72481-F085-4FC4-A24B-4BA5688138D3}.Debug|Any CPU.Build.0 = Debug|Any CPU
		{AFB72481-F085-4FC4-A24B-4BA5688138D3}.Release|Any CPU.ActiveCfg = Release|Any CPU
		{AFB72481-F085-4FC4-A24B-4BA5688138D3}.Release|Any CPU.Build.0 = Release|Any CPU
		{B486F013-C04E-4443-B4EB-6DA0D27CD03A}.Debug|Any CPU.ActiveCfg = Debug|Any CPU
		{B486F013-C04E-4443-B4EB-6DA0D27CD03A}.Debug|Any CPU.Build.0 = Debug|Any CPU
		{B486F013-C04E-4443-B4EB-6DA0D27CD03A}.Release|Any CPU.ActiveCfg = Release|Any CPU
		{B486F013-C04E-4443-B4EB-6DA0D27CD03A}.Release|Any CPU.Build.0 = Release|Any CPU
	EndGlobalSection
	GlobalSection(SolutionProperties) = preSolution
		HideSolutionNode = FALSE
	EndGlobalSection
	GlobalSection(ExtensibilityGlobals) = postSolution
		SolutionGuid = {7C06779E-BEDC-4A89-8D7C-D35CEBA4F86A}
	EndGlobalSection
EndGlobal
